
Microsoft Visual Studio Solution File, Format Version 12.00
# Visual Studio 2012
Project("{FAE04EC0-301F-11D3-BF4B-00C04F79EFBC}") = "PIM_VIII", "PIM_VIII\PIM_VIII.csproj", "{ED3D6100-23AE-4229-B7F7-9AEC561B8540}"
EndProject
Project("{FAE04EC0-301F-11D3-BF4B-00C04F79EFBC}") = "CamadaModelo", "CamadaModelo\CamadaModelo.csproj", "{E54EDCD0-21FB-454A-BAC5-24F1FA3A5C93}"
EndProject
Project("{FAE04EC0-301F-11D3-BF4B-00C04F79EFBC}") = "CamadaControle", "CamadaControle\CamadaControle.csproj", "{2DB93211-5BD3-4717-8A4A-1A3DD1BE7015}"
EndProject
Global
	GlobalSection(SolutionConfigurationPlatforms) = preSolution
		Debug|Any CPU = Debug|Any CPU
		Release|Any CPU = Release|Any CPU
	EndGlobalSection
	GlobalSection(ProjectConfigurationPlatforms) = postSolution
		{ED3D6100-23AE-4229-B7F7-9AEC561B8540}.Debug|Any CPU.ActiveCfg = Debug|Any CPU
		{ED3D6100-23AE-4229-B7F7-9AEC561B8540}.Debug|Any CPU.Build.0 = Debug|Any CPU
		{ED3D6100-23AE-4229-B7F7-9AEC561B8540}.Release|Any CPU.ActiveCfg = Release|Any CPU
		{ED3D6100-23AE-4229-B7F7-9AEC561B8540}.Release|Any CPU.Build.0 = Release|Any CPU
		{E54EDCD0-21FB-454A-BAC5-24F1FA3A5C93}.Debug|Any CPU.ActiveCfg = Debug|Any CPU
		{E54EDCD0-21FB-454A-BAC5-24F1FA3A5C93}.Debug|Any CPU.Build.0 = Debug|Any CPU
		{E54EDCD0-21FB-454A-BAC5-24F1FA3A5C93}.Release|Any CPU.ActiveCfg = Release|Any CPU
		{E54EDCD0-21FB-454A-BAC5-24F1FA3A5C93}.Release|Any CPU.Build.0 = Release|Any CPU
		{2DB93211-5BD3-4717-8A4A-1A3DD1BE7015}.Debug|Any CPU.ActiveCfg = Debug|Any CPU
		{2DB93211-5BD3-4717-8A4A-1A3DD1BE7015}.Debug|Any CPU.Build.0 = Debug|Any CPU
		{2DB93211-5BD3-4717-8A4A-1A3DD1BE7015}.Release|Any CPU.ActiveCfg = Release|Any CPU
		{2DB93211-5BD3-4717-8A4A-1A3DD1BE7015}.Release|Any CPU.Build.0 = Release|Any CPU
	EndGlobalSection
	GlobalSection(SolutionProperties) = preSolution
		HideSolutionNode = FALSE
	EndGlobalSection
EndGlobal
